PODS:
  - CocoaAsyncSocket (7.6.5)
  - Flutter (1.0.0)
  - flutter_socket_plugin (1.0.1):
    - CocoaAsyncSocket
    - Flutter

DEPENDENCIES:
  - Flutter (from `Flutter`)
  - flutter_socket_plugin (from `.symlinks/plugins/flutter_socket_plugin/ios`)

SPEC REPOS:
  trunk:
    - CocoaAsyncSocket

EXTERNAL SOURCES:
  Flutter:
    :path: Flutter
  flutter_socket_plugin:
    :path: ".symlinks/plugins/flutter_socket_plugin/ios"

SPEC CHECKSUMS:
  CocoaAsyncSocket: 065fd1e645c7abab64f7a6a2007a48038fdc6a99
  Flutter: 434fef37c0980e73bb6479ef766c45957d4b510c
  flutter_socket_plugin: 62af2593ea11e97a484573c25bb7c05ba52aa042

PODFILE CHECKSUM: aafe91acc616949ddb318b77800a7f51bffa2a4c

COCOAPODS: 1.10.1
