PODS:
  - CocoaAsyncSocket (7.6.3)
  - Flutter (1.0.0)
  - flutter_socket_plugin (1.0.1):
    - CocoaAsyncSocket
    - Flutter

DEPENDENCIES:
  - Flutter (from `Flutter`)
  - flutter_socket_plugin (from `.symlinks/plugins/flutter_socket_plugin/ios`)

SPEC REPOS:
  https://github.com/CocoaPods/Specs.git:
    - CocoaAsyncSocket

EXTERNAL SOURCES:
  Flutter:
    :path: Flutter
  flutter_socket_plugin:
    :path: ".symlinks/plugins/flutter_socket_plugin/ios"

SPEC CHECKSUMS:
  CocoaAsyncSocket: eafaa68a7e0ec99ead0a7b35015e0bf25d2c8987
  Flutter: 0e3d915762c693b495b44d77113d4970485de6ec
  flutter_socket_plugin: 62af2593ea11e97a484573c25bb7c05ba52aa042

PODFILE CHECKSUM: c34e2287a9ccaa606aeceab922830efb9a6ff69a

COCOAPODS: 1.9.1
